
Microsoft Visual Studio Solution File, Format Version 12.00
# Visual Studio 15
Project("{FAE04EC0-301F-11D3-BF4B-00C04F79EFBC}") = "Assembly-CSharp", "Assembly-CSharp.csproj", "{05DF035A-9CF4-CFB4-B266-C396FCA9E4A4}"
EndProject
Project("{FAE04EC0-301F-11D3-BF4B-00C04F79EFBC}") = "Assembly-CSharp", "Assembly-CSharp.Player.csproj", "{18C529ED-52FC-5312-895F-469B312A4E43}"
EndProject
Global
	GlobalSection(SolutionConfigurationPlatforms) = preSolution
		Debug|Any CPU = Debug|Any CPU
		Release|Any CPU = Release|Any CPU
	EndGlobalSection
	GlobalSection(ProjectConfigurationPlatforms) = postSolution
		{05DF035A-9CF4-CFB4-B266-C396FCA9E4A4}.Debug|Any CPU.ActiveCfg = Debug|Any CPU
		{05DF035A-9CF4-CFB4-B266-C396FCA9E4A4}.Debug|Any CPU.Build.0 = Debug|Any CPU
		{05DF035A-9CF4-CFB4-B266-C396FCA9E4A4}.Release|Any CPU.ActiveCfg = Release|Any CPU
		{05DF035A-9CF4-CFB4-B266-C396FCA9E4A4}.Release|Any CPU.Build.0 = Release|Any CPU
		{18C529ED-52FC-5312-895F-469B312A4E43}.Debug|Any CPU.ActiveCfg = Debug|Any CPU
		{18C529ED-52FC-5312-895F-469B312A4E43}.Debug|Any CPU.Build.0 = Debug|Any CPU
		{18C529ED-52FC-5312-895F-469B312A4E43}.Release|Any CPU.ActiveCfg = Release|Any CPU
		{18C529ED-52FC-5312-895F-469B312A4E43}.Release|Any CPU.Build.0 = Release|Any CPU
	EndGlobalSection
	GlobalSection(SolutionProperties) = preSolution
		HideSolutionNode = FALSE
	EndGlobalSection
EndGlobal
